
Microsoft Visual Studio Solution File, Format Version 12.00
# Visual Studio Version 17
VisualStudioVersion = 17.7.34031.279
MinimumVisualStudioVersion = 10.0.40219.1
Project("{8BC9CEB8-8B4A-11D0-8D11-00A0C91BC942}") = "шаблон", "шаблон\шаблон.vcxproj", "{288F60C3-863A-46E4-8A73-7E38F44357D9}"
EndProject
Project("{8BC9CEB8-8B4A-11D0-8D11-00A0C91BC942}") = "2", "2\2.vcxproj", "{8FEA8B2E-14B9-400D-B40C-54EFE8822ACA}"
EndProject
Project("{8BC9CEB8-8B4A-11D0-8D11-00A0C91BC942}") = "3", "3\3.vcxproj", "{644AD946-A259-411C-869D-C1A04FDD57D4}"
EndProject
Project("{8BC9CEB8-8B4A-11D0-8D11-00A0C91BC942}") = "4", "4\4.vcxproj", "{8633FF53-31B9-46FA-8EBF-5CE3284609E9}"
EndProject
Project("{8BC9CEB8-8B4A-11D0-8D11-00A0C91BC942}") = "5", "5\5.vcxproj", "{7B02453D-4117-49E4-947F-0D8E22EFDB02}"
EndProject
Project("{8BC9CEB8-8B4A-11D0-8D11-00A0C91BC942}") = "6", "6\6.vcxproj", "{35BAC5EE-01AC-4CDA-9471-03172B47D3D3}"
EndProject
Project("{8BC9CEB8-8B4A-11D0-8D11-00A0C91BC942}") = "7", "7\7.vcxproj", "{7537E66B-4E30-4C91-BAF0-518178C64276}"
EndProject
Project("{8BC9CEB8-8B4A-11D0-8D11-00A0C91BC942}") = "8", "8\8.vcxproj", "{231DD72D-C2CE-4059-A9F5-5CB8615F5E26}"
EndProject
Project("{8BC9CEB8-8B4A-11D0-8D11-00A0C91BC942}") = "9", "9\9.vcxproj", "{83B18B84-AC32-4127-8A65-F87B92D8511E}"
EndProject
Global
	GlobalSection(SolutionConfigurationPlatforms) = preSolution
		Debug|x64 = Debug|x64
		Debug|x86 = Debug|x86
		Release|x64 = Release|x64
		Release|x86 = Release|x86
	EndGlobalSection
	GlobalSection(ProjectConfigurationPlatforms) = postSolution
		{288F60C3-863A-46E4-8A73-7E38F44357D9}.Debug|x64.ActiveCfg = Debug|x64
		{288F60C3-863A-46E4-8A73-7E38F44357D9}.Debug|x64.Build.0 = Debug|x64
		{288F60C3-863A-46E4-8A73-7E38F44357D9}.Debug|x86.ActiveCfg = Debug|Win32
		{288F60C3-863A-46E4-8A73-7E38F44357D9}.Debug|x86.Build.0 = Debug|Win32
		{288F60C3-863A-46E4-8A73-7E38F44357D9}.Release|x64.ActiveCfg = Release|x64
		{288F60C3-863A-46E4-8A73-7E38F44357D9}.Release|x64.Build.0 = Release|x64
		{288F60C3-863A-46E4-8A73-7E38F44357D9}.Release|x86.ActiveCfg = Release|Win32
		{288F60C3-863A-46E4-8A73-7E38F44357D9}.Release|x86.Build.0 = Release|Win32
		{8FEA8B2E-14B9-400D-B40C-54EFE8822ACA}.Debug|x64.ActiveCfg = Debug|x64
		{8FEA8B2E-14B9-400D-B40C-54EFE8822ACA}.Debug|x64.Build.0 = Debug|x64
		{8FEA8B2E-14B9-400D-B40C-54EFE8822ACA}.Debug|x86.ActiveCfg = Debug|Win32
		{8FEA8B2E-14B9-400D-B40C-54EFE8822ACA}.Debug|x86.Build.0 = Debug|Win32
		{8FEA8B2E-14B9-400D-B40C-54EFE8822ACA}.Release|x64.ActiveCfg = Release|x64
		{8FEA8B2E-14B9-400D-B40C-54EFE8822ACA}.Release|x64.Build.0 = Release|x64
		{8FEA8B2E-14B9-400D-B40C-54EFE8822ACA}.Release|x86.ActiveCfg = Release|Win32
		{8FEA8B2E-14B9-400D-B40C-54EFE8822ACA}.Release|x86.Build.0 = Release|Win32
		{644AD946-A259-411C-869D-C1A04FDD57D4}.Debug|x64.ActiveCfg = Debug|x64
		{644AD946-A259-411C-869D-C1A04FDD57D4}.Debug|x64.Build.0 = Debug|x64
		{644AD946-A259-411C-869D-C1A04FDD57D4}.Debug|x86.ActiveCfg = Debug|Win32
		{644AD946-A259-411C-869D-C1A04FDD57D4}.Debug|x86.Build.0 = Debug|Win32
		{644AD946-A259-411C-869D-C1A04FDD57D4}.Release|x64.ActiveCfg = Release|x64
		{644AD946-A259-411C-869D-C1A04FDD57D4}.Release|x64.Build.0 = Release|x64
		{644AD946-A259-411C-869D-C1A04FDD57D4}.Release|x86.ActiveCfg = Release|Win32
		{644AD946-A259-411C-869D-C1A04FDD57D4}.Release|x86.Build.0 = Release|Win32
		{8633FF53-31B9-46FA-8EBF-5CE3284609E9}.Debug|x64.ActiveCfg = Debug|x64
		{8633FF53-31B9-46FA-8EBF-5CE3284609E9}.Debug|x64.Build.0 = Debug|x64
		{8633FF53-31B9-46FA-8EBF-5CE3284609E9}.Debug|x86.ActiveCfg = Debug|Win32
		{8633FF53-31B9-46FA-8EBF-5CE3284609E9}.Debug|x86.Build.0 = Debug|Win32
		{8633FF53-31B9-46FA-8EBF-5CE3284609E9}.Release|x64.ActiveCfg = Release|x64
		{8633FF53-31B9-46FA-8EBF-5CE3284609E9}.Release|x64.Build.0 = Release|x64
		{8633FF53-31B9-46FA-8EBF-5CE3284609E9}.Release|x86.ActiveCfg = Release|Win32
		{8633FF53-31B9-46FA-8EBF-5CE3284609E9}.Release|x86.Build.0 = Release|Win32
		{7B02453D-4117-49E4-947F-0D8E22EFDB02}.Debug|x64.ActiveCfg = Debug|x64
		{7B02453D-4117-49E4-947F-0D8E22EFDB02}.Debug|x64.Build.0 = Debug|x64
		{7B02453D-4117-49E4-947F-0D8E22EFDB02}.Debug|x86.ActiveCfg = Debug|Win32
		{7B02453D-4117-49E4-947F-0D8E22EFDB02}.Debug|x86.Build.0 = Debug|Win32
		{7B02453D-4117-49E4-947F-0D8E22EFDB02}.Release|x64.ActiveCfg = Release|x64
		{7B02453D-4117-49E4-947F-0D8E22EFDB02}.Release|x64.Build.0 = Release|x64
		{7B02453D-4117-49E4-947F-0D8E22EFDB02}.Release|x86.ActiveCfg = Release|Win32
		{7B02453D-4117-49E4-947F-0D8E22EFDB02}.Release|x86.Build.0 = Release|Win32
		{35BAC5EE-01AC-4CDA-9471-03172B47D3D3}.Debug|x64.ActiveCfg = Debug|x64
		{35BAC5EE-01AC-4CDA-9471-03172B47D3D3}.Debug|x64.Build.0 = Debug|x64
		{35BAC5EE-01AC-4CDA-9471-03172B47D3D3}.Debug|x86.ActiveCfg = Debug|Win32
		{35BAC5EE-01AC-4CDA-9471-03172B47D3D3}.Debug|x86.Build.0 = Debug|Win32
		{35BAC5EE-01AC-4CDA-9471-03172B47D3D3}.Release|x64.ActiveCfg = Release|x64
		{35BAC5EE-01AC-4CDA-9471-03172B47D3D3}.Release|x64.Build.0 = Release|x64
		{35BAC5EE-01AC-4CDA-9471-03172B47D3D3}.Release|x86.ActiveCfg = Release|Win32
		{35BAC5EE-01AC-4CDA-9471-03172B47D3D3}.Release|x86.Build.0 = Release|Win32
		{7537E66B-4E30-4C91-BAF0-518178C64276}.Debug|x64.ActiveCfg = Debug|x64
		{7537E66B-4E30-4C91-BAF0-518178C64276}.Debug|x64.Build.0 = Debug|x64
		{7537E66B-4E30-4C91-BAF0-518178C64276}.Debug|x86.ActiveCfg = Debug|Win32
		{7537E66B-4E30-4C91-BAF0-518178C64276}.Debug|x86.Build.0 = Debug|Win32
		{7537E66B-4E30-4C91-BAF0-518178C64276}.Release|x64.ActiveCfg = Release|x64
		{7537E66B-4E30-4C91-BAF0-518178C64276}.Release|x64.Build.0 = Release|x64
		{7537E66B-4E30-4C91-BAF0-518178C64276}.Release|x86.ActiveCfg = Release|Win32
		{7537E66B-4E30-4C91-BAF0-518178C64276}.Release|x86.Build.0 = Release|Win32
		{231DD72D-C2CE-4059-A9F5-5CB8615F5E26}.Debug|x64.ActiveCfg = Debug|x64
		{231DD72D-C2CE-4059-A9F5-5CB8615F5E26}.Debug|x64.Build.0 = Debug|x64
		{231DD72D-C2CE-4059-A9F5-5CB8615F5E26}.Debug|x86.ActiveCfg = Debug|Win32
		{231DD72D-C2CE-4059-A9F5-5CB8615F5E26}.Debug|x86.Build.0 = Debug|Win32
		{231DD72D-C2CE-4059-A9F5-5CB8615F5E26}.Release|x64.ActiveCfg = Release|x64
		{231DD72D-C2CE-4059-A9F5-5CB8615F5E26}.Release|x64.Build.0 = Release|x64
		{231DD72D-C2CE-4059-A9F5-5CB8615F5E26}.Release|x86.ActiveCfg = Release|Win32
		{231DD72D-C2CE-4059-A9F5-5CB8615F5E26}.Release|x86.Build.0 = Release|Win32
		{83B18B84-AC32-4127-8A65-F87B92D8511E}.Debug|x64.ActiveCfg = Debug|x64
		{83B18B84-AC32-4127-8A65-F87B92D8511E}.Debug|x64.Build.0 = Debug|x64
		{83B18B84-AC32-4127-8A65-F87B92D8511E}.Debug|x86.ActiveCfg = Debug|Win32
		{83B18B84-AC32-4127-8A65-F87B92D8511E}.Debug|x86.Build.0 = Debug|Win32
		{83B18B84-AC32-4127-8A65-F87B92D8511E}.Release|x64.ActiveCfg = Release|x64
		{83B18B84-AC32-4127-8A65-F87B92D8511E}.Release|x64.Build.0 = Release|x64
		{83B18B84-AC32-4127-8A65-F87B92D8511E}.Release|x86.ActiveCfg = Release|Win32
		{83B18B84-AC32-4127-8A65-F87B92D8511E}.Release|x86.Build.0 = Release|Win32
	EndGlobalSection
	GlobalSection(SolutionProperties) = preSolution
		HideSolutionNode = FALSE
	EndGlobalSection
	GlobalSection(ExtensibilityGlobals) = postSolution
		SolutionGuid = {94CD66A1-37D5-4F20-B6D7-1C9777CE3851}
	EndGlobalSection
EndGlobal
